
Microsoft Visual Studio Solution File, Format Version 12.00
# Visual Studio Version 16
VisualStudioVersion = 16.0.30225.117
MinimumVisualStudioVersion = 10.0.40219.1
Project("{FAE04EC0-301F-11D3-BF4B-00C04F79EFBC}") = "VueMVCCore", "VueMVCCore\VueMVCCore.csproj", "{78231BF7-EDC2-4C82-84B5-C9E61711A184}"
EndProject
Global
	GlobalSection(SolutionConfigurationPlatforms) = preSolution
		Debug|Any CPU = Debug|Any CPU
		Release|Any CPU = Release|Any CPU
	EndGlobalSection
	GlobalSection(ProjectConfigurationPlatforms) = postSolution
		{78231BF7-EDC2-4C82-84B5-C9E61711A184}.Debug|Any CPU.ActiveCfg = Debug|Any CPU
		{78231BF7-EDC2-4C82-84B5-C9E61711A184}.Debug|Any CPU.Build.0 = Debug|Any CPU
		{78231BF7-EDC2-4C82-84B5-C9E61711A184}.Release|Any CPU.ActiveCfg = Release|Any CPU
		{78231BF7-EDC2-4C82-84B5-C9E61711A184}.Release|Any CPU.Build.0 = Release|Any CPU
	EndGlobalSection
	GlobalSection(SolutionProperties) = preSolution
		HideSolutionNode = FALSE
	EndGlobalSection
	GlobalSection(ExtensibilityGlobals) = postSolution
		SolutionGuid = {9A954C3E-3692-450B-8C62-C935C50C6523}
	EndGlobalSection
EndGlobal
